<?xml version="1.0" encoding="UTF-8"?>
<Scheme
   LastUpgradeVersion = "0720"
   version = "1.3">
   <BuildAction
      parallelizeBuildables = "YES"
      buildImplicitDependencies = "YES">
      <BuildActionEntries>
         <BuildActionEntry
            buildForTesting = "YES"
            buildForRunning = "YES"
            buildForProfiling = "YES"
            buildForArchiving = "YES"
            buildForAnalyzing = "YES">
            <BuildableReference
               BuildableIdentifier = "primary"
               BlueprintIdentifier = "93F35D251C0BA7AD0040FEC5"
               BuildableName = "ordenarPizzaAppleWatch WatchKit App.app"
               BlueprintName = "ordenarPizzaAppleWatch WatchKit App"
               ReferencedContainer = "container:ordenarPizzaAppleWatch.xcodeproj">
            </BuildableReference>
         </BuildActionEntry>
         <BuildActionEntry
            buildForTesting = "YES"
            buildForRunning = "YES"
            buildForProfiling = "YES"
            buildForArchiving = "YES"
            buildForAnalyzing = "YES">
            <BuildableReference
               BuildableIdentifier = "primary"
               BlueprintIdentifier = "93F35D341C0BA7AD0040FEC5"
               BuildableName = "ordenarPizzaAppleWatch WatchKit Extension.appex"
               BlueprintName = "ordenarPizzaAppleWatch WatchKit Extension"
               ReferencedContainer = "container:ordenarPizzaAppleWatch.xcodeproj">
            </BuildableReference>
         </BuildActionEntry>
         <BuildActionEntry
            buildForTesting = "YES"
            buildForRunning = "YES"
            buildForProfiling = "YES"
            buildForArchiving = "YES"
            buildForAnalyzing = "YES">
            <BuildableReference
               BuildableIdentifier = "primary"
               BlueprintIdentifier = "93F35D131C0BA7AD0040FEC5"
               BuildableName = "ordenarPizzaAppleWatch.app"
               BlueprintName = "ordenarPizzaAppleWatch"
               ReferencedContainer = "container:ordenarPizzaAppleWatch.xcodeproj">
            </BuildableReference>
         </BuildActionEntry>
      </BuildActionEntries>
   </BuildAction>
   <TestAction
      buildConfiguration = "Debug"
      selectedDebuggerIdentifier = "Xcode.DebuggerFoundation.Debugger.LLDB"
      selectedLauncherIdentifier = "Xcode.DebuggerFoundation.Launcher.LLDB"
      shouldUseLaunchSchemeArgsEnv = "YES">
      <Testables>
      </Testables>
      <MacroExpansion>
         <BuildableReference
            BuildableIdentifier = "primary"
            BlueprintIdentifier = "93F35D251C0BA7AD0040FEC5"
            BuildableName = "ordenarPizzaAppleWatch WatchKit App.app"
            BlueprintName = "ordenarPizzaAppleWatch WatchKit App"
            ReferencedContainer = "container:ordenarPizzaAppleWatch.xcodeproj">
         </BuildableReference>
      </MacroExpansion>
      <AdditionalOptions>
      </AdditionalOptions>
   </TestAction>
   <LaunchAction
      buildConfiguration = "Debug"
      selectedDebuggerIdentifier = "Xcode.DebuggerFoundation.Debugger.LLDB"
      selectedLauncherIdentifier = "Xcode.DebuggerFoundation.Launcher.LLDB"
      launchStyle = "0"
      useCustomWorkingDirectory = "NO"
      ignoresPersistentStateOnLaunch = "NO"
      debugDocumentVersioning = "YES"
      debugServiceExtension = "internal"
      allowLocationSimulation = "YES">
      <RemoteRunnable
         runnableDebuggingMode = "2"
         BundleIdentifier = "com.apple.carousel"
         RemotePath = "/ordenarPizzaAppleWatch WatchKit App">
         <BuildableReference
            BuildableIdentifier = "primary"
            BlueprintIdentifier = "93F35D251C0BA7AD0040FEC5"
            BuildableName = "ordenarPizzaAppleWatch WatchKit App.app"
            BlueprintName = "ordenarPizzaAppleWatch WatchKit App"
            ReferencedContainer = "container:ordenarPizzaAppleWatch.xcodeproj">
         </BuildableReference>
      </RemoteRunnable>
      <MacroExpansion>
         <BuildableReference
            BuildableIdentifier = "primary"
            BlueprintIdentifier = "93F35D251C0BA7AD0040FEC5"
            BuildableName = "ordenarPizzaAppleWatch WatchKit App.app"
            BlueprintName = "ordenarPizzaAppleWatch WatchKit App"
            ReferencedContainer = "container:ordenarPizzaAppleWatch.xcodeproj">
         </BuildableReference>
      </MacroExpansion>
      <AdditionalOptions>
      </AdditionalOptions>
   </LaunchAction>
   <ProfileAction
      buildConfiguration = "Release"
      shouldUseLaunchSchemeArgsEnv = "YES"
      savedToolIdentifier = ""
      useCustomWorkingDirectory = "NO"
      debugDocumentVersioning = "YES">
      <RemoteRunnable
         runnableDebuggingMode = "2"
         BundleIdentifier = "com.apple.carousel"
         RemotePath = "/ordenarPizzaAppleWatch WatchKit App">
         <BuildableReference
            BuildableIdentifier = "primary"
            BlueprintIdentifier = "93F35D251C0BA7AD0040FEC5"
            BuildableName = "ordenarPizzaAppleWatch WatchKit App.app"
            BlueprintName = "ordenarPizzaAppleWatch WatchKit App"
            ReferencedContainer = "container:ordenarPizzaAppleWatch.xcodeproj">
         </BuildableReference>
      </RemoteRunnable>
      <MacroExpansion>
         <BuildableReference
            BuildableIdentifier = "primary"
            BlueprintIdentifier = "93F35D251C0BA7AD0040FEC5"
            BuildableName = "ordenarPizzaAppleWatch WatchKit App.app"
            BlueprintName = "ordenarPizzaAppleWatch WatchKit App"
            ReferencedContainer = "container:ordenarPizzaAppleWatch.xcodeproj">
         </BuildableReference>
      </MacroExpansion>
   </ProfileAction>
   <AnalyzeAction
      buildConfiguration = "Debug">
   </AnalyzeAction>
   <ArchiveAction
      buildConfiguration = "Release"
      revealArchiveInOrganizer = "YES">
   </ArchiveAction>
</Scheme>
